{
  "name": "mp-session-koa2",
  "version": "0.4.0",
  "lockfileVersion": 1,
  "requires": true,
  "dependencies": {
    "axios": {
      "version": "0.18.1",
      "resolved": "https://registry.npm.taobao.org/axios/download/axios-0.18.1.tgz?cache=0&other_urls=https%3A%2F%2Fregistry.npm.taobao.org%2Faxios%2Fdownload%2Faxios-0.18.1.tgz",
      "integrity": "sha1-/z8N4ue10YDnV62YAA8Qgbh7zqM=",
      "requires": {
        "follow-redirects": "1.5.10",
        "is-buffer": "^2.0.2"
      }
    },
    "bluebird": {
      "version": "3.7.2",
      "resolved": "https://registry.npm.taobao.org/bluebird/download/bluebird-3.7.2.tgz",
      "integrity": "sha1-nyKcFb4nJFT/qXOs4NvueaGww28="
    },
    "cluster-key-slot": {
      "version": "1.1.0",
      "resolved": "https://registry.npm.taobao.org/cluster-key-slot/download/cluster-key-slot-1.1.0.tgz?cache=0&other_urls=https%3A%2F%2Fregistry.npm.taobao.org%2Fcluster-key-slot%2Fdownload%2Fcluster-key-slot-1.1.0.tgz",
      "integrity": "sha1-MEdLKpgfsSFyaVgzBSvA0BM20Q0="
    },
    "debug": {
      "version": "3.1.0",
      "resolved": "https://registry.npm.taobao.org/debug/download/debug-3.1.0.tgz",
      "integrity": "sha1-W7WgZyYotkFJVmuhaBnmFRjGcmE=",
      "requires": {
        "ms": "2.0.0"
      }
    },
    "denque": {
      "version": "1.4.1",
      "resolved": "https://registry.npm.taobao.org/denque/download/denque-1.4.1.tgz",
      "integrity": "sha1-Z0T/dkHBSMP4ppwwflEjXB9KN88="
    },
    "flexbuffer": {
      "version": "0.0.6",
      "resolved": "https://registry.npm.taobao.org/flexbuffer/download/flexbuffer-0.0.6.tgz",
      "integrity": "sha1-A5/fI/iCPkQMOPMnfm/vEXQhWzA="
    },
    "follow-redirects": {
      "version": "1.5.10",
      "resolved": "https://registry.npm.taobao.org/follow-redirects/download/follow-redirects-1.5.10.tgz?cache=0&other_urls=https%3A%2F%2Fregistry.npm.taobao.org%2Ffollow-redirects%2Fdownload%2Ffollow-redirects-1.5.10.tgz",
      "integrity": "sha1-e3qfmuov3/NnhqlP9kPtB/T/Xio=",
      "requires": {
        "debug": "=3.1.0"
      }
    },
    "ioredis": {
      "version": "3.2.2",
      "resolved": "https://registry.npm.taobao.org/ioredis/download/ioredis-3.2.2.tgz",
      "integrity": "sha1-t9X/Ov13u5cYuyghMpuJS5pEwAs=",
      "requires": {
        "bluebird": "^3.3.4",
        "cluster-key-slot": "^1.0.6",
        "debug": "^2.6.9",
        "denque": "^1.1.0",
        "flexbuffer": "0.0.6",
        "lodash.assign": "^4.2.0",
        "lodash.bind": "^4.2.1",
        "lodash.clone": "^4.5.0",
        "lodash.clonedeep": "^4.5.0",
        "lodash.defaults": "^4.2.0",
        "lodash.difference": "^4.5.0",
        "lodash.flatten": "^4.4.0",
        "lodash.foreach": "^4.5.0",
        "lodash.isempty": "^4.4.0",
        "lodash.keys": "^4.2.0",
        "lodash.noop": "^3.0.1",
        "lodash.partial": "^4.2.1",
        "lodash.pick": "^4.4.0",
        "lodash.sample": "^4.2.1",
        "lodash.shuffle": "^4.2.0",
        "lodash.values": "^4.3.0",
        "redis-commands": "^1.2.0",
        "redis-parser": "^2.4.0"
      },
      "dependencies": {
        "debug": {
          "version": "2.6.9",
          "resolved": "https://registry.npm.taobao.org/debug/download/debug-2.6.9.tgz",
          "integrity": "sha1-XRKFFd8TT/Mn6QpMk/Tgd6U2NB8=",
          "requires": {
            "ms": "2.0.0"
          }
        }
      }
    },
    "is-buffer": {
      "version": "2.0.4",
      "resolved": "https://registry.npm.taobao.org/is-buffer/download/is-buffer-2.0.4.tgz",
      "integrity": "sha1-PlcvI8hBGlz9lVfISeNmXgspBiM="
    },
    "lodash": {
      "version": "4.17.19",
      "resolved": "https://registry.npmjs.org/lodash/-/lodash-4.17.19.tgz",
      "integrity": "sha512-JNvd8XER9GQX0v2qJgsaN/mzFCNA5BRe/j8JN9d+tWyGLSodKQHKFicdwNYzWwI3wjRnaKPsGj1XkBjx/F96DQ=="
    },
    "lodash.assign": {
      "version": "4.2.0",
      "resolved": "https://registry.npm.taobao.org/lodash.assign/download/lodash.assign-4.2.0.tgz",
      "integrity": "sha1-DZnzzNem0mHRm9rrkkUAXShYCOc="
    },
    "lodash.bind": {
      "version": "4.2.1",
      "resolved": "https://registry.npm.taobao.org/lodash.bind/download/lodash.bind-4.2.1.tgz",
      "integrity": "sha1-euMBfpOWIqwxt9fX3LGzTbFpDTU="
    },
    "lodash.clone": {
      "version": "4.5.0",
      "resolved": "https://registry.npm.taobao.org/lodash.clone/download/lodash.clone-4.5.0.tgz",
      "integrity": "sha1-GVhwRQ9aExkkeN9Lw9I9LeoZB7Y="
    },
    "lodash.clonedeep": {
      "version": "4.5.0",
      "resolved": "https://registry.npm.taobao.org/lodash.clonedeep/download/lodash.clonedeep-4.5.0.tgz",
      "integrity": "sha1-4j8/nE+Pvd6HJSnBBxhXoIblzO8="
    },
    "lodash.defaults": {
      "version": "4.2.0",
      "resolved": "https://registry.npm.taobao.org/lodash.defaults/download/lodash.defaults-4.2.0.tgz",
      "integrity": "sha1-0JF4cW/+pN3p5ft7N/bwgCJ0WAw="
    },
    "lodash.difference": {
      "version": "4.5.0",
      "resolved": "https://registry.npm.taobao.org/lodash.difference/download/lodash.difference-4.5.0.tgz",
      "integrity": "sha1-nMtOUF1Ia5FlE0V3KIWi3yf9AXw="
    },
    "lodash.flatten": {
      "version": "4.4.0",
      "resolved": "https://registry.npm.taobao.org/lodash.flatten/download/lodash.flatten-4.4.0.tgz",
      "integrity": "sha1-8xwiIlqWMtK7+OSt2+8kCqdlph8="
    },
    "lodash.foreach": {
      "version": "4.5.0",
      "resolved": "https://registry.npm.taobao.org/lodash.foreach/download/lodash.foreach-4.5.0.tgz",
      "integrity": "sha1-Gmo16s5AEoDH8G3d7DUWWrJ+PlM="
    },
    "lodash.isempty": {
      "version": "4.4.0",
      "resolved": "https://registry.npm.taobao.org/lodash.isempty/download/lodash.isempty-4.4.0.tgz",
      "integrity": "sha1-b4bL7di+TsmHvpqvM8loTbGzHn4="
    },
    "lodash.keys": {
      "version": "4.2.0",
      "resolved": "https://registry.npm.taobao.org/lodash.keys/download/lodash.keys-4.2.0.tgz",
      "integrity": "sha1-oIYCrBLk+4P5H8H7ejYKTZujUgU="
    },
    "lodash.noop": {
      "version": "3.0.1",
      "resolved": "https://registry.npm.taobao.org/lodash.noop/download/lodash.noop-3.0.1.tgz",
      "integrity": "sha1-OBiPTWUKOkdCWEObluxFsyYXEzw="
    },
    "lodash.partial": {
      "version": "4.2.1",
      "resolved": "https://registry.npm.taobao.org/lodash.partial/download/lodash.partial-4.2.1.tgz",
      "integrity": "sha1-SfPYz9qjv/izqR0SfpIyRUGJYdQ="
    },
    "lodash.pick": {
      "version": "4.4.0",
      "resolved": "https://registry.npm.taobao.org/lodash.pick/download/lodash.pick-4.4.0.tgz",
      "integrity": "sha1-UvBWEP/53tQiYRRB7R/BI6AwAbM="
    },
    "lodash.sample": {
      "version": "4.2.1",
      "resolved": "https://registry.npm.taobao.org/lodash.sample/download/lodash.sample-4.2.1.tgz",
      "integrity": "sha1-XkKRsMdT+hq+sKq4+ynfG2bwf20="
    },
    "lodash.shuffle": {
      "version": "4.2.0",
      "resolved": "https://registry.npm.taobao.org/lodash.shuffle/download/lodash.shuffle-4.2.0.tgz",
      "integrity": "sha1-FFtQU8+HX29cKjP0i26ZSMbse0s="
    },
    "lodash.values": {
      "version": "4.3.0",
      "resolved": "https://registry.npm.taobao.org/lodash.values/download/lodash.values-4.3.0.tgz",
      "integrity": "sha1-o6bCsOvsxcLLocF+bmIP6BtT00c="
    },
    "ms": {
      "version": "2.0.0",
      "resolved": "https://registry.npm.taobao.org/ms/download/ms-2.0.0.tgz?cache=0&other_urls=https%3A%2F%2Fregistry.npm.taobao.org%2Fms%2Fdownload%2Fms-2.0.0.tgz",
      "integrity": "sha1-VgiurfwAvmwpAd9fmGF4jeDVl8g="
    },
    "redis-commands": {
      "version": "1.5.0",
      "resolved": "https://registry.npm.taobao.org/redis-commands/download/redis-commands-1.5.0.tgz",
      "integrity": "sha1-gNLiBpj+aI8icSf/nlFkp90X54U="
    },
    "redis-parser": {
      "version": "2.6.0",
      "resolved": "https://registry.npm.taobao.org/redis-parser/download/redis-parser-2.6.0.tgz",
      "integrity": "sha1-Uu0J2srBCPGmMcB+m2mUHnoZUEs="
    }
  }
}
